{
  "version": "v1",
  "packages": {
    "@gnosis.pm/safe-apps-ethers-provider": {
      "signature": "4729a546a5b02337aaf2a72097d209fe",
      "file": true,
      "replaced": "^1.0.0-beta.0"
    },
    "@gnosis.pm/safe-apps-sdk": {
      "signature": "acf09784ab1ffd7eb58246b4dade6c6a",
      "file": true
    }
  }
}